
Microsoft Visual Studio Solution File, Format Version 12.00
# Visual Studio Version 16
VisualStudioVersion = 16.0.31205.134
MinimumVisualStudioVersion = 10.0.40219.1
Project("{FAE04EC0-301F-11D3-BF4B-00C04F79EFBC}") = "Doc_PPt", "Doc_PPt\Doc_PPt.csproj", "{440068E3-4C9E-4DCF-9C50-2F504EB23E07}"
EndProject
Global
	GlobalSection(SolutionConfigurationPlatforms) = preSolution
		Debug|Any CPU = Debug|Any CPU
		Release|Any CPU = Release|Any CPU
	EndGlobalSection
	GlobalSection(ProjectConfigurationPlatforms) = postSolution
		{440068E3-4C9E-4DCF-9C50-2F504EB23E07}.Debug|Any CPU.ActiveCfg = Debug|Any CPU
		{440068E3-4C9E-4DCF-9C50-2F504EB23E07}.Debug|Any CPU.Build.0 = Debug|Any CPU
		{440068E3-4C9E-4DCF-9C50-2F504EB23E07}.Release|Any CPU.ActiveCfg = Release|Any CPU
		{440068E3-4C9E-4DCF-9C50-2F504EB23E07}.Release|Any CPU.Build.0 = Release|Any CPU
	EndGlobalSection
	GlobalSection(SolutionProperties) = preSolution
		HideSolutionNode = FALSE
	EndGlobalSection
	GlobalSection(ExtensibilityGlobals) = postSolution
		SolutionGuid = {5233DF11-8D64-493F-9C6C-2FC4ACF1AC2A}
	EndGlobalSection
EndGlobal
